
Microsoft Visual Studio Solution File, Format Version 11.00
# Visual Studio 2010
Project("{FAE04EC0-301F-11D3-BF4B-00C04F79EFBC}") = "Lib", "Lib\Lib.csproj", "{B314B9B5-7C64-45CF-BF38-72E66C3E1D3B}"
EndProject
Project("{FAE04EC0-301F-11D3-BF4B-00C04F79EFBC}") = "ModemService", "ModemService\ModemService.csproj", "{41B21B44-80D9-45B9-8603-81582EB46003}"
EndProject
Project("{FAE04EC0-301F-11D3-BF4B-00C04F79EFBC}") = "ConsoleTest", "ConsoleTest\ConsoleTest.csproj", "{753CF023-BA6D-44A8-B964-71394FA8295B}"
EndProject
Project("{2150E333-8FDC-42A3-9474-1A3956D46DE8}") = "Solution Items", "Solution Items", "{8CCE0A98-1112-4DBA-8443-45F1D384339A}"
	ProjectSection(SolutionItems) = preProject
		readme.txt = readme.txt
	EndProjectSection
EndProject
Global
	GlobalSection(SolutionConfigurationPlatforms) = preSolution
		Debug|Any CPU = Debug|Any CPU
		Debug|Mixed Platforms = Debug|Mixed Platforms
		Debug|x86 = Debug|x86
		Release|Any CPU = Release|Any CPU
		Release|Mixed Platforms = Release|Mixed Platforms
		Release|x86 = Release|x86
	EndGlobalSection
	GlobalSection(ProjectConfigurationPlatforms) = postSolution
		{B314B9B5-7C64-45CF-BF38-72E66C3E1D3B}.Debug|Any CPU.ActiveCfg = Debug|Any CPU
		{B314B9B5-7C64-45CF-BF38-72E66C3E1D3B}.Debug|Any CPU.Build.0 = Debug|Any CPU
		{B314B9B5-7C64-45CF-BF38-72E66C3E1D3B}.Debug|Mixed Platforms.ActiveCfg = Debug|Any CPU
		{B314B9B5-7C64-45CF-BF38-72E66C3E1D3B}.Debug|Mixed Platforms.Build.0 = Debug|Any CPU
		{B314B9B5-7C64-45CF-BF38-72E66C3E1D3B}.Debug|x86.ActiveCfg = Debug|Any CPU
		{B314B9B5-7C64-45CF-BF38-72E66C3E1D3B}.Release|Any CPU.ActiveCfg = Release|Any CPU
		{B314B9B5-7C64-45CF-BF38-72E66C3E1D3B}.Release|Any CPU.Build.0 = Release|Any CPU
		{B314B9B5-7C64-45CF-BF38-72E66C3E1D3B}.Release|Mixed Platforms.ActiveCfg = Release|Any CPU
		{B314B9B5-7C64-45CF-BF38-72E66C3E1D3B}.Release|Mixed Platforms.Build.0 = Release|Any CPU
		{B314B9B5-7C64-45CF-BF38-72E66C3E1D3B}.Release|x86.ActiveCfg = Release|Any CPU
		{41B21B44-80D9-45B9-8603-81582EB46003}.Debug|Any CPU.ActiveCfg = Debug|x86
		{41B21B44-80D9-45B9-8603-81582EB46003}.Debug|Mixed Platforms.ActiveCfg = Debug|x86
		{41B21B44-80D9-45B9-8603-81582EB46003}.Debug|Mixed Platforms.Build.0 = Debug|x86
		{41B21B44-80D9-45B9-8603-81582EB46003}.Debug|x86.ActiveCfg = Debug|x86
		{41B21B44-80D9-45B9-8603-81582EB46003}.Debug|x86.Build.0 = Debug|x86
		{41B21B44-80D9-45B9-8603-81582EB46003}.Release|Any CPU.ActiveCfg = Release|x86
		{41B21B44-80D9-45B9-8603-81582EB46003}.Release|Mixed Platforms.ActiveCfg = Release|x86
		{41B21B44-80D9-45B9-8603-81582EB46003}.Release|Mixed Platforms.Build.0 = Release|x86
		{41B21B44-80D9-45B9-8603-81582EB46003}.Release|x86.ActiveCfg = Release|x86
		{41B21B44-80D9-45B9-8603-81582EB46003}.Release|x86.Build.0 = Release|x86
		{753CF023-BA6D-44A8-B964-71394FA8295B}.Debug|Any CPU.ActiveCfg = Debug|x86
		{753CF023-BA6D-44A8-B964-71394FA8295B}.Debug|Mixed Platforms.ActiveCfg = Debug|x86
		{753CF023-BA6D-44A8-B964-71394FA8295B}.Debug|Mixed Platforms.Build.0 = Debug|x86
		{753CF023-BA6D-44A8-B964-71394FA8295B}.Debug|x86.ActiveCfg = Debug|x86
		{753CF023-BA6D-44A8-B964-71394FA8295B}.Debug|x86.Build.0 = Debug|x86
		{753CF023-BA6D-44A8-B964-71394FA8295B}.Release|Any CPU.ActiveCfg = Release|x86
		{753CF023-BA6D-44A8-B964-71394FA8295B}.Release|Mixed Platforms.ActiveCfg = Release|x86
		{753CF023-BA6D-44A8-B964-71394FA8295B}.Release|Mixed Platforms.Build.0 = Release|x86
		{753CF023-BA6D-44A8-B964-71394FA8295B}.Release|x86.ActiveCfg = Release|x86
		{753CF023-BA6D-44A8-B964-71394FA8295B}.Release|x86.Build.0 = Release|x86
	EndGlobalSection
	GlobalSection(SolutionProperties) = preSolution
		HideSolutionNode = FALSE
	EndGlobalSection
EndGlobal
